PODS:
  - MagicalRecord (2.3.2):
    - MagicalRecord/Core (= 2.3.2)
  - MagicalRecord/Core (2.3.2)

DEPENDENCIES:
  - MagicalRecord

SPEC REPOS:
  trunk:
    - MagicalRecord

SPEC CHECKSUMS:
  MagicalRecord: 53bed74b4323b930992a725be713e53b37d19755

PODFILE CHECKSUM: 2aab3071bdcb61f01357e8169ce1c4b7ac271d83

COCOAPODS: 1.10.1
